
Microsoft Visual Studio Solution File, Format Version 12.00
# Visual Studio Version 16
VisualStudioVersion = 16.0.32126.315
MinimumVisualStudioVersion = 10.0.40219.1
Project("{8BC9CEB8-8B4A-11D0-8D11-00A0C91BC942}") = "connect4Attempt", "connect4Attempt\connect4Attempt.vcxproj", "{D536F553-7B5C-45DD-AEA4-4B4F27333B0D}"
EndProject
Global
	GlobalSection(SolutionConfigurationPlatforms) = preSolution
		Debug|x64 = Debug|x64
		Debug|x86 = Debug|x86
		Release|x64 = Release|x64
		Release|x86 = Release|x86
	EndGlobalSection
	GlobalSection(ProjectConfigurationPlatforms) = postSolution
		{D536F553-7B5C-45DD-AEA4-4B4F27333B0D}.Debug|x64.ActiveCfg = Debug|x64
		{D536F553-7B5C-45DD-AEA4-4B4F27333B0D}.Debug|x64.Build.0 = Debug|x64
		{D536F553-7B5C-45DD-AEA4-4B4F27333B0D}.Debug|x86.ActiveCfg = Debug|Win32
		{D536F553-7B5C-45DD-AEA4-4B4F27333B0D}.Debug|x86.Build.0 = Debug|Win32
		{D536F553-7B5C-45DD-AEA4-4B4F27333B0D}.Release|x64.ActiveCfg = Release|x64
		{D536F553-7B5C-45DD-AEA4-4B4F27333B0D}.Release|x64.Build.0 = Release|x64
		{D536F553-7B5C-45DD-AEA4-4B4F27333B0D}.Release|x86.ActiveCfg = Release|Win32
		{D536F553-7B5C-45DD-AEA4-4B4F27333B0D}.Release|x86.Build.0 = Release|Win32
	EndGlobalSection
	GlobalSection(SolutionProperties) = preSolution
		HideSolutionNode = FALSE
	EndGlobalSection
	GlobalSection(ExtensibilityGlobals) = postSolution
		SolutionGuid = {6A49E8E5-C3F6-4F86-B05C-8285225B4825}
	EndGlobalSection
EndGlobal
